
Microsoft Visual Studio Solution File, Format Version 12.00
# Visual Studio Version 16
VisualStudioVersion = 16.0.30523.141
MinimumVisualStudioVersion = 10.0.40219.1
Project("{9A19103F-16F7-4668-BE54-9A1E7A4F7556}") = "Cron.Core", "Cron.Core.csproj", "{3B73A3FA-2479-40A8-81E3-8AEA45D13D2F}"
EndProject
Project("{9A19103F-16F7-4668-BE54-9A1E7A4F7556}") = "Cron.Tests", "..\Cron.Tests\Cron.Tests.csproj", "{7A52DA95-B377-4591-97CB-7436374957D6}"
EndProject
Global
	GlobalSection(SolutionConfigurationPlatforms) = preSolution
		Debug|Any CPU = Debug|Any CPU
		Release|Any CPU = Release|Any CPU
	EndGlobalSection
	GlobalSection(ProjectConfigurationPlatforms) = postSolution
		{3B73A3FA-2479-40A8-81E3-8AEA45D13D2F}.Debug|Any CPU.ActiveCfg = Debug|Any CPU
		{3B73A3FA-2479-40A8-81E3-8AEA45D13D2F}.Debug|Any CPU.Build.0 = Debug|Any CPU
		{3B73A3FA-2479-40A8-81E3-8AEA45D13D2F}.Release|Any CPU.ActiveCfg = Release|Any CPU
		{3B73A3FA-2479-40A8-81E3-8AEA45D13D2F}.Release|Any CPU.Build.0 = Release|Any CPU
		{7A52DA95-B377-4591-97CB-7436374957D6}.Debug|Any CPU.ActiveCfg = Debug|Any CPU
		{7A52DA95-B377-4591-97CB-7436374957D6}.Debug|Any CPU.Build.0 = Debug|Any CPU
		{7A52DA95-B377-4591-97CB-7436374957D6}.Release|Any CPU.ActiveCfg = Release|Any CPU
		{7A52DA95-B377-4591-97CB-7436374957D6}.Release|Any CPU.Build.0 = Release|Any CPU
	EndGlobalSection
	GlobalSection(SolutionProperties) = preSolution
		HideSolutionNode = FALSE
	EndGlobalSection
	GlobalSection(ExtensibilityGlobals) = postSolution
		SolutionGuid = {44EB4EE2-ADEA-4F2D-83C9-4245F698F63B}
	EndGlobalSection
EndGlobal
